
Microsoft Visual Studio Solution File, Format Version 12.00
# Visual Studio Version 17
VisualStudioVersion = 17.0.31903.59
MinimumVisualStudioVersion = 10.0.40219.1
Project("{FAE04EC0-301F-11D3-BF4B-00C04F79EFBC}") = "FlowGame.Core", "FlowGame.Core\FlowGame.Core.csproj", "{73F0E200-805C-41DF-BD13-49DBA678104F}"
EndProject
Project("{FAE04EC0-301F-11D3-BF4B-00C04F79EFBC}") = "FlowGame.Wpf", "FlowGame.Wpf\FlowGame.Wpf.csproj", "{AC9C0981-CA54-4A3E-B1CB-54AE50360016}"
EndProject
Project("{FAE04EC0-301F-11D3-BF4B-00C04F79EFBC}") = "FlowGame.Tests", "FlowGame.Tests\FlowGame.Tests.csproj", "{C948B265-8945-474A-8D53-C326A275BEEA}"
EndProject
Global
	GlobalSection(SolutionConfigurationPlatforms) = preSolution
		Debug|Any CPU = Debug|Any CPU
		Debug|x64 = Debug|x64
		Debug|x86 = Debug|x86
		Release|Any CPU = Release|Any CPU
		Release|x64 = Release|x64
		Release|x86 = Release|x86
	EndGlobalSection
	GlobalSection(ProjectConfigurationPlatforms) = postSolution
		{73F0E200-805C-41DF-BD13-49DBA678104F}.Debug|Any CPU.ActiveCfg = Debug|Any CPU
		{73F0E200-805C-41DF-BD13-49DBA678104F}.Debug|Any CPU.Build.0 = Debug|Any CPU
		{73F0E200-805C-41DF-BD13-49DBA678104F}.Debug|x64.ActiveCfg = Debug|Any CPU
		{73F0E200-805C-41DF-BD13-49DBA678104F}.Debug|x64.Build.0 = Debug|Any CPU
		{73F0E200-805C-41DF-BD13-49DBA678104F}.Debug|x86.ActiveCfg = Debug|Any CPU
		{73F0E200-805C-41DF-BD13-49DBA678104F}.Debug|x86.Build.0 = Debug|Any CPU
		{73F0E200-805C-41DF-BD13-49DBA678104F}.Release|Any CPU.ActiveCfg = Release|Any CPU
		{73F0E200-805C-41DF-BD13-49DBA678104F}.Release|Any CPU.Build.0 = Release|Any CPU
		{73F0E200-805C-41DF-BD13-49DBA678104F}.Release|x64.ActiveCfg = Release|Any CPU
		{73F0E200-805C-41DF-BD13-49DBA678104F}.Release|x64.Build.0 = Release|Any CPU
		{73F0E200-805C-41DF-BD13-49DBA678104F}.Release|x86.ActiveCfg = Release|Any CPU
		{73F0E200-805C-41DF-BD13-49DBA678104F}.Release|x86.Build.0 = Release|Any CPU
		{AC9C0981-CA54-4A3E-B1CB-54AE50360016}.Debug|Any CPU.ActiveCfg = Debug|Any CPU
		{AC9C0981-CA54-4A3E-B1CB-54AE50360016}.Debug|Any CPU.Build.0 = Debug|Any CPU
		{AC9C0981-CA54-4A3E-B1CB-54AE50360016}.Debug|x64.ActiveCfg = Debug|Any CPU
		{AC9C0981-CA54-4A3E-B1CB-54AE50360016}.Debug|x64.Build.0 = Debug|Any CPU
		{AC9C0981-CA54-4A3E-B1CB-54AE50360016}.Debug|x86.ActiveCfg = Debug|Any CPU
		{AC9C0981-CA54-4A3E-B1CB-54AE50360016}.Debug|x86.Build.0 = Debug|Any CPU
		{AC9C0981-CA54-4A3E-B1CB-54AE50360016}.Release|Any CPU.ActiveCfg = Release|Any CPU
		{AC9C0981-CA54-4A3E-B1CB-54AE50360016}.Release|Any CPU.Build.0 = Release|Any CPU
		{AC9C0981-CA54-4A3E-B1CB-54AE50360016}.Release|x64.ActiveCfg = Release|Any CPU
		{AC9C0981-CA54-4A3E-B1CB-54AE50360016}.Release|x64.Build.0 = Release|Any CPU
		{AC9C0981-CA54-4A3E-B1CB-54AE50360016}.Release|x86.ActiveCfg = Release|Any CPU
		{AC9C0981-CA54-4A3E-B1CB-54AE50360016}.Release|x86.Build.0 = Release|Any CPU
		{C948B265-8945-474A-8D53-C326A275BEEA}.Debug|Any CPU.ActiveCfg = Debug|Any CPU
		{C948B265-8945-474A-8D53-C326A275BEEA}.Debug|Any CPU.Build.0 = Debug|Any CPU
		{C948B265-8945-474A-8D53-C326A275BEEA}.Debug|x64.ActiveCfg = Debug|Any CPU
		{C948B265-8945-474A-8D53-C326A275BEEA}.Debug|x64.Build.0 = Debug|Any CPU
		{C948B265-8945-474A-8D53-C326A275BEEA}.Debug|x86.ActiveCfg = Debug|Any CPU
		{C948B265-8945-474A-8D53-C326A275BEEA}.Debug|x86.Build.0 = Debug|Any CPU
		{C948B265-8945-474A-8D53-C326A275BEEA}.Release|Any CPU.ActiveCfg = Release|Any CPU
		{C948B265-8945-474A-8D53-C326A275BEEA}.Release|Any CPU.Build.0 = Release|Any CPU
		{C948B265-8945-474A-8D53-C326A275BEEA}.Release|x64.ActiveCfg = Release|Any CPU
		{C948B265-8945-474A-8D53-C326A275BEEA}.Release|x64.Build.0 = Release|Any CPU
		{C948B265-8945-474A-8D53-C326A275BEEA}.Release|x86.ActiveCfg = Release|Any CPU
		{C948B265-8945-474A-8D53-C326A275BEEA}.Release|x86.Build.0 = Release|Any CPU
	EndGlobalSection
	GlobalSection(SolutionProperties) = preSolution
		HideSolutionNode = FALSE
	EndGlobalSection
EndGlobal
